// !$*UTF8*$!
{
	archiveVersion = 1;
	classes = {
	};
	objectVersion = 46;
	objects = {

/* Begin PBXBuildFile section */
		09A15CBC1F15487700E847CC /* OAuthSwiftManager.swift in Sources */ = {isa = PBXBuildFile; fileRef = 09A15CBB1F15487700E847CC /* OAuthSwiftManager.swift */; };
		09A15CBE1F15676500E847CC /* VisaDirectAPIManager.swift in Sources */ = {isa = PBXBuildFile; fileRef = 09A15CBD1F15676500E847CC /* VisaDirectAPIManager.swift */; };
		09A15CC11F1568F300E847CC /* Transaction.swift in Sources */ = {isa = PBXBuildFile; fileRef = 09A15CC01F1568F300E847CC /* Transaction.swift */; };
		09A15CC31F159DB000E847CC /* PKCS12.swift in Sources */ = {isa = PBXBuildFile; fileRef = 09A15CC21F159DB000E847CC /* PKCS12.swift */; };
		09A15CC71F17DE7600E847CC /* EventsViewController.swift in Sources */ = {isa = PBXBuildFile; fileRef = 09A15CC61F17DE7600E847CC /* EventsViewController.swift */; };
		09A15CCA1F17E29D00E847CC /* EventsTableViewCell.swift in Sources */ = {isa = PBXBuildFile; fileRef = 09A15CC81F17E29D00E847CC /* EventsTableViewCell.swift */; };
		09A15CCB1F17E29D00E847CC /* EventsTableViewCell.xib in Resources */ = {isa = PBXBuildFile; fileRef = 09A15CC91F17E29D00E847CC /* EventsTableViewCell.xib */; };
		09B321521F2BB55F0044F05C /* SongTableViewCell.swift in Sources */ = {isa = PBXBuildFile; fileRef = 09B321501F2BB55F0044F05C /* SongTableViewCell.swift */; };
		09B321531F2BB55F0044F05C /* SongTableViewCell.xib in Resources */ = {isa = PBXBuildFile; fileRef = 09B321511F2BB55F0044F05C /* SongTableViewCell.xib */; };
		09B321551F2BB79B0044F05C /* songSearchResultsOverlay.xib in Resources */ = {isa = PBXBuildFile; fileRef = 09B321541F2BB79B0044F05C /* songSearchResultsOverlay.xib */; };
		09B321571F2BB7DA0044F05C /* songOverlayView.swift in Sources */ = {isa = PBXBuildFile; fileRef = 09B321561F2BB7DA0044F05C /* songOverlayView.swift */; };
		09C808A51F2BFD95009AA56F /* imageCollectionViewCell.xib in Resources */ = {isa = PBXBuildFile; fileRef = 09C808A31F2BFD95009AA56F /* imageCollectionViewCell.xib */; };
		09C808A71F2BFDDE009AA56F /* imageCollectionViewCell.swift in Sources */ = {isa = PBXBuildFile; fileRef = 09C808A61F2BFDDE009AA56F /* imageCollectionViewCell.swift */; };
		09D42D451F1FCFE900438801 /* MediaViewController.swift in Sources */ = {isa = PBXBuildFile; fileRef = 09D42D441F1FCFE900438801 /* MediaViewController.swift */; };
		09D42D471F1FD62300438801 /* DetailPictureViewController.swift in Sources */ = {isa = PBXBuildFile; fileRef = 09D42D461F1FD62300438801 /* DetailPictureViewController.swift */; };
		09F788491F2668A700A311F0 /* detailView0.xib in Resources */ = {isa = PBXBuildFile; fileRef = 09F788481F2668A700A311F0 /* detailView0.xib */; };
		09F7884B1F26694A00A311F0 /* detailView0.swift in Sources */ = {isa = PBXBuildFile; fileRef = 09F7884A1F26694A00A311F0 /* detailView0.swift */; };
		09F7884D1F26781400A311F0 /* detailView1.xib in Resources */ = {isa = PBXBuildFile; fileRef = 09F7884C1F26781400A311F0 /* detailView1.xib */; };
		09F7884F1F26783100A311F0 /* detailView1.swift in Sources */ = {isa = PBXBuildFile; fileRef = 09F7884E1F26783100A311F0 /* detailView1.swift */; };
		09F788511F269EE800A311F0 /* detailView2.xib in Resources */ = {isa = PBXBuildFile; fileRef = 09F788501F269EE800A311F0 /* detailView2.xib */; };
		09F788531F269F0900A311F0 /* detailView2.swift in Sources */ = {isa = PBXBuildFile; fileRef = 09F788521F269F0900A311F0 /* detailView2.swift */; };
		3AF83A15E164D2366EE880C1 /* Pods_eventsUITests.framework in Frameworks */ = {isa = PBXBuildFile; fileRef = A0CC4CC9003125A309623E90 /* Pods_eventsUITests.framework */; };
		4F010D751F16EE7A00E8EA47 /* CreateLocationViewController.swift in Sources */ = {isa = PBXBuildFile; fileRef = 4F010D741F16EE7A00E8EA47 /* CreateLocationViewController.swift */; };
		4F25456A1F1EDA2B0076AE0B /* TestLocations.gpx in Resources */ = {isa = PBXBuildFile; fileRef = 4F2545691F1EDA2B0076AE0B /* TestLocations.gpx */; };
		4F2545721F1FCCF90076AE0B /* CreateEventMaster.swift in Sources */ = {isa = PBXBuildFile; fileRef = 4F2545711F1FCCF90076AE0B /* CreateEventMaster.swift */; };
		4F4959811F290E31006B90EE /* FacebookFriend.swift in Sources */ = {isa = PBXBuildFile; fileRef = 4F4959801F290E31006B90EE /* FacebookFriend.swift */; };
		4F69AB341F22734D0098B191 /* CreateEventPageController.swift in Sources */ = {isa = PBXBuildFile; fileRef = 4F69AB331F22734D0098B191 /* CreateEventPageController.swift */; };
		4F69AB361F22987A0098B191 /* EventContainerViewController.swift in Sources */ = {isa = PBXBuildFile; fileRef = 4F69AB351F22987A0098B191 /* EventContainerViewController.swift */; };
		4F87D3711F168E5A007D4E94 /* FirebaseStorageManager.swift in Sources */ = {isa = PBXBuildFile; fileRef = 4F87D3701F168E5A007D4E94 /* FirebaseStorageManager.swift */; };
		4F87D3731F168E6F007D4E94 /* FirebaseAuthManager.swift in Sources */ = {isa = PBXBuildFile; fileRef = 4F87D3721F168E6F007D4E94 /* FirebaseAuthManager.swift */; };
		4F87D3751F168EA0007D4E94 /* AppUser.swift in Sources */ = {isa = PBXBuildFile; fileRef = 4F87D3741F168EA0007D4E94 /* AppUser.swift */; };
		4F87D3771F168EB5007D4E94 /* Event.swift in Sources */ = {isa = PBXBuildFile; fileRef = 4F87D3761F168EB5007D4E94 /* Event.swift */; };
		4F9887281F144AD700759564 /* FirebaseDatabaseManager.swift in Sources */ = {isa = PBXBuildFile; fileRef = 4F9887271F144AD700759564 /* FirebaseDatabaseManager.swift */; };
		4FB4F7E21F3151A400DD4AFD /* SearchEventsViewController.swift in Sources */ = {isa = PBXBuildFile; fileRef = 4FB4F7E01F3151A400DD4AFD /* SearchEventsViewController.swift */; };
		4FB4F7E31F3151A400DD4AFD /* SearchEventsViewController.xib in Resources */ = {isa = PBXBuildFile; fileRef = 4FB4F7E11F3151A400DD4AFD /* SearchEventsViewController.xib */; };
		4FB4F7EA1F315F7800DD4AFD /* SearchEventsTableViewCell.swift in Sources */ = {isa = PBXBuildFile; fileRef = 4FB4F7E81F315F7800DD4AFD /* SearchEventsTableViewCell.swift */; };
		4FB4F7EB1F315F7800DD4AFD /* SearchEventsTableViewCell.xib in Resources */ = {isa = PBXBuildFile; fileRef = 4FB4F7E91F315F7800DD4AFD /* SearchEventsTableViewCell.xib */; };
		4FCB627C1F143DC400BBDC71 /* AppDelegate.swift in Sources */ = {isa = PBXBuildFile; fileRef = 4FCB627B1F143DC400BBDC71 /* AppDelegate.swift */; };
		4FCB627E1F143DC400BBDC71 /* MapViewController.swift in Sources */ = {isa = PBXBuildFile; fileRef = 4FCB627D1F143DC400BBDC71 /* MapViewController.swift */; };
		4FCB62811F143DC400BBDC71 /* Main.storyboard in Resources */ = {isa = PBXBuildFile; fileRef = 4FCB627F1F143DC400BBDC71 /* Main.storyboard */; };
		4FCB62911F143DC400BBDC71 /* eventsTests.swift in Sources */ = {isa = PBXBuildFile; fileRef = 4FCB62901F143DC400BBDC71 /* eventsTests.swift */; };
		4FCB629C1F143DC400BBDC71 /* eventsUITests.swift in Sources */ = {isa = PBXBuildFile; fileRef = 4FCB629B1F143DC400BBDC71 /* eventsUITests.swift */; };
		4FCB62AA1F1446EB00BBDC71 /* GoogleService-Info.plist in Resources */ = {isa = PBXBuildFile; fileRef = 4FCB62A91F1446EB00BBDC71 /* GoogleService-Info.plist */; };
		4FD2FE901F2ADBDE00E565B9 /* apple.gpx in Resources */ = {isa = PBXBuildFile; fileRef = 4FD2FE8F1F2ADBDE00E565B9 /* apple.gpx */; };
		4FD2FE921F2ADBEE00E565B9 /* google.gpx in Resources */ = {isa = PBXBuildFile; fileRef = 4FD2FE911F2ADBEE00E565B9 /* google.gpx */; };
		4FD2FE9A1F2C160E00E565B9 /* custom.json in Resources */ = {isa = PBXBuildFile; fileRef = 4FD2FE971F2C160E00E565B9 /* custom.json */; };
		4FD2FE9B1F2C160E00E565B9 /* dark.json in Resources */ = {isa = PBXBuildFile; fileRef = 4FD2FE981F2C160E00E565B9 /* dark.json */; };
		4FD2FE9C1F2C160E00E565B9 /* default.json in Resources */ = {isa = PBXBuildFile; fileRef = 4FD2FE991F2C160E00E565B9 /* default.json */; };
		4FD2FE9F1F2C161800E565B9 /* paper.json in Resources */ = {isa = PBXBuildFile; fileRef = 4FD2FE9D1F2C161800E565B9 /* paper.json */; };
		4FD2FEA01F2C161800E565B9 /* retro.json in Resources */ = {isa = PBXBuildFile; fileRef = 4FD2FE9E1F2C161800E565B9 /* retro.json */; };
		4FE3AF711F2660D20055FD90 /* MasterTabBarController.swift in Sources */ = {isa = PBXBuildFile; fileRef = 4FE3AF701F2660D20055FD90 /* MasterTabBarController.swift */; };
		4FFC02F91F26AF1D00B55206 /* SignInViewController.swift in Sources */ = {isa = PBXBuildFile; fileRef = 4FFC02F71F26AF1D00B55206 /* SignInViewController.swift */; };
		4FFC02FA1F26AF1D00B55206 /* SignInViewController.xib in Resources */ = {isa = PBXBuildFile; fileRef = 4FFC02F81F26AF1D00B55206 /* SignInViewController.xib */; };
		4FFC02FC1F27BDCC00B55206 /* FacebookAPIManager.swift in Sources */ = {isa = PBXBuildFile; fileRef = 4FFC02FB1F27BDCC00B55206 /* FacebookAPIManager.swift */; };
		7C021E231F2BF0A300029CCB /* Assets.xcassets in Resources */ = {isa = PBXBuildFile; fileRef = 4FCB62821F143DC400BBDC71 /* Assets.xcassets */; };
		7C10FC9D1F1D6F2E009EE12F /* CreateTitleViewController.swift in Sources */ = {isa = PBXBuildFile; fileRef = 7C10FC9C1F1D6F2E009EE12F /* CreateTitleViewController.swift */; };
		7C10FCA61F1D8941009EE12F /* CreateGuestsViewController.swift in Sources */ = {isa = PBXBuildFile; fileRef = 7C10FCA51F1D8941009EE12F /* CreateGuestsViewController.swift */; };
		7C10FCA81F1DD4BB009EE12F /* CreateAboutViewController.swift in Sources */ = {isa = PBXBuildFile; fileRef = 7C10FCA71F1DD4BB009EE12F /* CreateAboutViewController.swift */; };
		7C10FCAC1F1EA361009EE12F /* GuestListTableViewCell.swift in Sources */ = {isa = PBXBuildFile; fileRef = 7C10FCAB1F1EA361009EE12F /* GuestListTableViewCell.swift */; };
		7C26DE9B1F310EC10079BE1A /* PaymentTableViewCell.swift in Sources */ = {isa = PBXBuildFile; fileRef = 7CAAA0ED1F281A94005C1A76 /* PaymentTableViewCell.swift */; };
		7C26DE9C1F310EEB0079BE1A /* PaymentTableViewCell.xib in Resources */ = {isa = PBXBuildFile; fileRef = 7CAAA0EE1F281A94005C1A76 /* PaymentTableViewCell.xib */; };
		7C26DE9F1F312C960079BE1A /* AddPaymentViewController.swift in Sources */ = {isa = PBXBuildFile; fileRef = 7C26DE9D1F312C960079BE1A /* AddPaymentViewController.swift */; };
		7C26DEA01F312C960079BE1A /* AddPaymentViewController.xib in Resources */ = {isa = PBXBuildFile; fileRef = 7C26DE9E1F312C960079BE1A /* AddPaymentViewController.xib */; };
		7C47453A1F2930E0009CA46E /* SettingsViewController.swift in Sources */ = {isa = PBXBuildFile; fileRef = 7C4745381F2930E0009CA46E /* SettingsViewController.swift */; };
		7C47453B1F2930E0009CA46E /* SettingsViewController.xib in Resources */ = {isa = PBXBuildFile; fileRef = 7C4745391F2930E0009CA46E /* SettingsViewController.xib */; };
		7C4BA22B1F18163B004739EE /* Utilities.swift in Sources */ = {isa = PBXBuildFile; fileRef = 7C4BA22A1F18163B004739EE /* Utilities.swift */; };
		7C9A6B7F1F2FBC4F00A70FD3 /* GuestsTableViewCell.swift in Sources */ = {isa = PBXBuildFile; fileRef = 7C9A6B7D1F2FBC4F00A70FD3 /* GuestsTableViewCell.swift */; };
		7C9A6B801F2FBC4F00A70FD3 /* GuestsTableViewCell.xib in Resources */ = {isa = PBXBuildFile; fileRef = 7C9A6B7E1F2FBC4F00A70FD3 /* GuestsTableViewCell.xib */; };
		7CAAA0E11F27CC49005C1A76 /* ProfileViewController.swift in Sources */ = {isa = PBXBuildFile; fileRef = 7CAAA0E01F27CC49005C1A76 /* ProfileViewController.swift */; };
		7CAAA0E61F281304005C1A76 /* WalletViewController.swift in Sources */ = {isa = PBXBuildFile; fileRef = 7CAAA0E41F281304005C1A76 /* WalletViewController.swift */; };
		7CAAA0E71F281304005C1A76 /* WalletViewController.xib in Resources */ = {isa = PBXBuildFile; fileRef = 7CAAA0E51F281304005C1A76 /* WalletViewController.xib */; };
		7CB423771F300A1A00E31099 /* InvitedCollectionViewCell.swift in Sources */ = {isa = PBXBuildFile; fileRef = 7CB423761F300A1A00E31099 /* InvitedCollectionViewCell.swift */; };
		7CBC19261F29511E002C65F9 /* MyUploadsViewController.swift in Sources */ = {isa = PBXBuildFile; fileRef = 7CBC19241F29511E002C65F9 /* MyUploadsViewController.swift */; };
		7CBC19271F29511E002C65F9 /* MyUploadsViewController.xib in Resources */ = {isa = PBXBuildFile; fileRef = 7CBC19251F29511E002C65F9 /* MyUploadsViewController.xib */; };
		7F92027EDD6ECD0EF332F353 /* Pods_events.framework in Frameworks */ = {isa = PBXBuildFile; fileRef = 1049C4B47D6A2EF2BF4A7F99 /* Pods_events.framework */; };
		CCB163A1DDBEE3944D6FE0A3 /* Pods_eventsTests.framework in Frameworks */ = {isa = PBXBuildFile; fileRef = 2C04120232A3D15602FB929F /* Pods_eventsTests.framework */; };
/* End PBXBuildFile section */

/* Begin PBXContainerItemProxy section */
		4FCB628D1F143DC400BBDC71 /* PBXContainerItemProxy */ = {
			isa = PBXContainerItemProxy;
			containerPortal = 4FCB62701F143DC400BBDC71 /* Project object */;
			proxyType = 1;
			remoteGlobalIDString = 4FCB62771F143DC400BBDC71;
			remoteInfo = events;
		};
		4FCB62981F143DC400BBDC71 /* PBXContainerItemProxy */ = {
			isa = PBXContainerItemProxy;
			containerPortal = 4FCB62701F143DC400BBDC71 /* Project object */;
			proxyType = 1;
			remoteGlobalIDString = 4FCB62771F143DC400BBDC71;
			remoteInfo = events;
		};
/* End PBXContainerItemProxy section */

/* Begin PBXFileReference section */
		09A15CBB1F15487700E847CC /* OAuthSwiftManager.swift */ = {isa = PBXFileReference; fileEncoding = 4; lastKnownFileType = sourcecode.swift; path = OAuthSwiftManager.swift; sourceTree = "<group>"; };
		09A15CBD1F15676500E847CC /* VisaDirectAPIManager.swift */ = {isa = PBXFileReference; fileEncoding = 4; lastKnownFileType = sourcecode.swift; path = VisaDirectAPIManager.swift; sourceTree = "<group>"; };
		09A15CC01F1568F300E847CC /* Transaction.swift */ = {isa = PBXFileReference; fileEncoding = 4; lastKnownFileType = sourcecode.swift; path = Transaction.swift; sourceTree = "<group>"; };
		09A15CC21F159DB000E847CC /* PKCS12.swift */ = {isa = PBXFileReference; fileEncoding = 4; lastKnownFileType = sourcecode.swift; path = PKCS12.swift; sourceTree = "<group>"; };
		09A15CC51F15A2B600E847CC /* eventsKeyCertBundle.p12 */ = {isa = PBXFileReference; lastKnownFileType = file; path = eventsKeyCertBundle.p12; sourceTree = "<group>"; };
		09A15CC61F17DE7600E847CC /* EventsViewController.swift */ = {isa = PBXFileReference; fileEncoding = 4; lastKnownFileType = sourcecode.swift; path = EventsViewController.swift; sourceTree = "<group>"; };
		09A15CC81F17E29D00E847CC /* EventsTableViewCell.swift */ = {isa = PBXFileReference; fileEncoding = 4; lastKnownFileType = sourcecode.swift; path = EventsTableViewCell.swift; sourceTree = "<group>"; };
		09A15CC91F17E29D00E847CC /* EventsTableViewCell.xib */ = {isa = PBXFileReference; fileEncoding = 4; lastKnownFileType = file.xib; path = EventsTableViewCell.xib; sourceTree = "<group>"; };
		09B321501F2BB55F0044F05C /* SongTableViewCell.swift */ = {isa = PBXFileReference; fileEncoding = 4; lastKnownFileType = sourcecode.swift; path = SongTableViewCell.swift; sourceTree = "<group>"; };
		09B321511F2BB55F0044F05C /* SongTableViewCell.xib */ = {isa = PBXFileReference; fileEncoding = 4; lastKnownFileType = file.xib; name = SongTableViewCell.xib; path = events/SongTableViewCell.xib; sourceTree = SOURCE_ROOT; };
		09B321541F2BB79B0044F05C /* songSearchResultsOverlay.xib */ = {isa = PBXFileReference; fileEncoding = 4; lastKnownFileType = file.xib; path = songSearchResultsOverlay.xib; sourceTree = "<group>"; };
		09B321561F2BB7DA0044F05C /* songOverlayView.swift */ = {isa = PBXFileReference; fileEncoding = 4; lastKnownFileType = sourcecode.swift; path = songOverlayView.swift; sourceTree = "<group>"; };
		09C808A31F2BFD95009AA56F /* imageCollectionViewCell.xib */ = {isa = PBXFileReference; fileEncoding = 4; lastKnownFileType = file.xib; path = imageCollectionViewCell.xib; sourceTree = "<group>"; };
		09C808A61F2BFDDE009AA56F /* imageCollectionViewCell.swift */ = {isa = PBXFileReference; fileEncoding = 4; lastKnownFileType = sourcecode.swift; path = imageCollectionViewCell.swift; sourceTree = "<group>"; };
		09D42D441F1FCFE900438801 /* MediaViewController.swift */ = {isa = PBXFileReference; fileEncoding = 4; lastKnownFileType = sourcecode.swift; path = MediaViewController.swift; sourceTree = "<group>"; };
		09D42D461F1FD62300438801 /* DetailPictureViewController.swift */ = {isa = PBXFileReference; fileEncoding = 4; lastKnownFileType = sourcecode.swift; path = DetailPictureViewController.swift; sourceTree = "<group>"; };
		09F788481F2668A700A311F0 /* detailView0.xib */ = {isa = PBXFileReference; fileEncoding = 4; lastKnownFileType = file.xib; name = detailView0.xib; path = events/detailView0.xib; sourceTree = SOURCE_ROOT; };
		09F7884A1F26694A00A311F0 /* detailView0.swift */ = {isa = PBXFileReference; fileEncoding = 4; lastKnownFileType = sourcecode.swift; path = detailView0.swift; sourceTree = "<group>"; };
		09F7884C1F26781400A311F0 /* detailView1.xib */ = {isa = PBXFileReference; fileEncoding = 4; lastKnownFileType = file.xib; path = detailView1.xib; sourceTree = "<group>"; };
		09F7884E1F26783100A311F0 /* detailView1.swift */ = {isa = PBXFileReference; fileEncoding = 4; lastKnownFileType = sourcecode.swift; path = detailView1.swift; sourceTree = "<group>"; };
		09F788501F269EE800A311F0 /* detailView2.xib */ = {isa = PBXFileReference; fileEncoding = 4; lastKnownFileType = file.xib; path = detailView2.xib; sourceTree = "<group>"; };
		09F788521F269F0900A311F0 /* detailView2.swift */ = {isa = PBXFileReference; fileEncoding = 4; lastKnownFileType = sourcecode.swift; path = detailView2.swift; sourceTree = "<group>"; };
		1049C4B47D6A2EF2BF4A7F99 /* Pods_events.framework */ = {isa = PBXFileReference; explicitFileType = wrapper.framework; includeInIndex = 0; path = Pods_events.framework; sourceTree = BUILT_PRODUCTS_DIR; };
		1E325F93B30E087012B5B727 /* Pods-eventsUITests.debug.xcconfig */ = {isa = PBXFileReference; includeInIndex = 1; lastKnownFileType = text.xcconfig; name = "Pods-eventsUITests.debug.xcconfig"; path = "Pods/Target Support Files/Pods-eventsUITests/Pods-eventsUITests.debug.xcconfig"; sourceTree = "<group>"; };
		2C04120232A3D15602FB929F /* Pods_eventsTests.framework */ = {isa = PBXFileReference; explicitFileType = wrapper.framework; includeInIndex = 0; path = Pods_eventsTests.framework; sourceTree = BUILT_PRODUCTS_DIR; };
		4F010D741F16EE7A00E8EA47 /* CreateLocationViewController.swift */ = {isa = PBXFileReference; fileEncoding = 4; lastKnownFileType = sourcecode.swift; path = CreateLocationViewController.swift; sourceTree = "<group>"; };
		4F2545691F1EDA2B0076AE0B /* TestLocations.gpx */ = {isa = PBXFileReference; fileEncoding = 4; lastKnownFileType = text.xml; path = TestLocations.gpx; sourceTree = "<group>"; };
		4F2545711F1FCCF90076AE0B /* CreateEventMaster.swift */ = {isa = PBXFileReference; fileEncoding = 4; lastKnownFileType = sourcecode.swift; path = CreateEventMaster.swift; sourceTree = "<group>"; };
		4F4959801F290E31006B90EE /* FacebookFriend.swift */ = {isa = PBXFileReference; fileEncoding = 4; lastKnownFileType = sourcecode.swift; path = FacebookFriend.swift; sourceTree = "<group>"; };
		4F69AB331F22734D0098B191 /* CreateEventPageController.swift */ = {isa = PBXFileReference; fileEncoding = 4; lastKnownFileType = sourcecode.swift; path = CreateEventPageController.swift; sourceTree = "<group>"; };
		4F69AB351F22987A0098B191 /* EventContainerViewController.swift */ = {isa = PBXFileReference; fileEncoding = 4; lastKnownFileType = sourcecode.swift; path = EventContainerViewController.swift; sourceTree = "<group>"; };
		4F87D3701F168E5A007D4E94 /* FirebaseStorageManager.swift */ = {isa = PBXFileReference; fileEncoding = 4; lastKnownFileType = sourcecode.swift; path = FirebaseStorageManager.swift; sourceTree = "<group>"; };
		4F87D3721F168E6F007D4E94 /* FirebaseAuthManager.swift */ = {isa = PBXFileReference; fileEncoding = 4; lastKnownFileType = sourcecode.swift; path = FirebaseAuthManager.swift; sourceTree = "<group>"; };
		4F87D3741F168EA0007D4E94 /* AppUser.swift */ = {isa = PBXFileReference; fileEncoding = 4; lastKnownFileType = sourcecode.swift; path = AppUser.swift; sourceTree = "<group>"; };
		4F87D3761F168EB5007D4E94 /* Event.swift */ = {isa = PBXFileReference; fileEncoding = 4; lastKnownFileType = sourcecode.swift; path = Event.swift; sourceTree = "<group>"; };
		4F9887271F144AD700759564 /* FirebaseDatabaseManager.swift */ = {isa = PBXFileReference; fileEncoding = 4; lastKnownFileType = sourcecode.swift; path = FirebaseDatabaseManager.swift; sourceTree = "<group>"; };
		4FB4F7E01F3151A400DD4AFD /* SearchEventsViewController.swift */ = {isa = PBXFileReference; fileEncoding = 4; lastKnownFileType = sourcecode.swift; path = SearchEventsViewController.swift; sourceTree = "<group>"; };
		4FB4F7E11F3151A400DD4AFD /* SearchEventsViewController.xib */ = {isa = PBXFileReference; fileEncoding = 4; lastKnownFileType = file.xib; path = SearchEventsViewController.xib; sourceTree = "<group>"; };
		4FB4F7E81F315F7800DD4AFD /* SearchEventsTableViewCell.swift */ = {isa = PBXFileReference; fileEncoding = 4; lastKnownFileType = sourcecode.swift; path = SearchEventsTableViewCell.swift; sourceTree = "<group>"; };
		4FB4F7E91F315F7800DD4AFD /* SearchEventsTableViewCell.xib */ = {isa = PBXFileReference; fileEncoding = 4; lastKnownFileType = file.xib; path = SearchEventsTableViewCell.xib; sourceTree = "<group>"; };
		4FCB62781F143DC400BBDC71 /* events.app */ = {isa = PBXFileReference; explicitFileType = wrapper.application; includeInIndex = 0; path = events.app; sourceTree = BUILT_PRODUCTS_DIR; };
		4FCB627B1F143DC400BBDC71 /* AppDelegate.swift */ = {isa = PBXFileReference; lastKnownFileType = sourcecode.swift; path = AppDelegate.swift; sourceTree = "<group>"; };
		4FCB627D1F143DC400BBDC71 /* MapViewController.swift */ = {isa = PBXFileReference; lastKnownFileType = sourcecode.swift; path = MapViewController.swift; sourceTree = "<group>"; };
		4FCB62801F143DC400BBDC71 /* Base */ = {isa = PBXFileReference; lastKnownFileType = file.storyboard; name = Base; path = Base.lproj/Main.storyboard; sourceTree = "<group>"; };
		4FCB62821F143DC400BBDC71 /* Assets.xcassets */ = {isa = PBXFileReference; lastKnownFileType = folder.assetcatalog; path = Assets.xcassets; sourceTree = "<group>"; };
		4FCB62871F143DC400BBDC71 /* Info.plist */ = {isa = PBXFileReference; lastKnownFileType = text.plist.xml; path = Info.plist; sourceTree = "<group>"; };
		4FCB628C1F143DC400BBDC71 /* eventsTests.xctest */ = {isa = PBXFileReference; explicitFileType = wrapper.cfbundle; includeInIndex = 0; path = eventsTests.xctest; sourceTree = BUILT_PRODUCTS_DIR; };
		4FCB62901F143DC400BBDC71 /* eventsTests.swift */ = {isa = PBXFileReference; lastKnownFileType = sourcecode.swift; path = eventsTests.swift; sourceTree = "<group>"; };
		4FCB62921F143DC400BBDC71 /* Info.plist */ = {isa = PBXFileReference; lastKnownFileType = text.plist.xml; path = Info.plist; sourceTree = "<group>"; };
		4FCB62971F143DC400BBDC71 /* eventsUITests.xctest */ = {isa = PBXFileReference; explicitFileType = wrapper.cfbundle; includeInIndex = 0; path = eventsUITests.xctest; sourceTree = BUILT_PRODUCTS_DIR; };
		4FCB629B1F143DC400BBDC71 /* eventsUITests.swift */ = {isa = PBXFileReference; lastKnownFileType = sourcecode.swift; path = eventsUITests.swift; sourceTree = "<group>"; };
		4FCB629D1F143DC400BBDC71 /* Info.plist */ = {isa = PBXFileReference; lastKnownFileType = text.plist.xml; path = Info.plist; sourceTree = "<group>"; };
		4FCB62A91F1446EB00BBDC71 /* GoogleService-Info.plist */ = {isa = PBXFileReference; fileEncoding = 4; lastKnownFileType = text.plist.xml; path = "GoogleService-Info.plist"; sourceTree = "<group>"; };
		4FD2FE8F1F2ADBDE00E565B9 /* apple.gpx */ = {isa = PBXFileReference; fileEncoding = 4; lastKnownFileType = text; path = apple.gpx; sourceTree = "<group>"; };
		4FD2FE911F2ADBEE00E565B9 /* google.gpx */ = {isa = PBXFileReference; fileEncoding = 4; lastKnownFileType = text; path = google.gpx; sourceTree = "<group>"; };
		4FD2FE971F2C160E00E565B9 /* custom.json */ = {isa = PBXFileReference; fileEncoding = 4; lastKnownFileType = text.json; path = custom.json; sourceTree = "<group>"; };
		4FD2FE981F2C160E00E565B9 /* dark.json */ = {isa = PBXFileReference; fileEncoding = 4; lastKnownFileType = text.json; path = dark.json; sourceTree = "<group>"; };
		4FD2FE991F2C160E00E565B9 /* default.json */ = {isa = PBXFileReference; fileEncoding = 4; lastKnownFileType = text.json; path = default.json; sourceTree = "<group>"; };
		4FD2FE9D1F2C161800E565B9 /* paper.json */ = {isa = PBXFileReference; fileEncoding = 4; lastKnownFileType = text.json; path = paper.json; sourceTree = "<group>"; };
		4FD2FE9E1F2C161800E565B9 /* retro.json */ = {isa = PBXFileReference; fileEncoding = 4; lastKnownFileType = text.json; path = retro.json; sourceTree = "<group>"; };
		4FE3AF701F2660D20055FD90 /* MasterTabBarController.swift */ = {isa = PBXFileReference; fileEncoding = 4; lastKnownFileType = sourcecode.swift; path = MasterTabBarController.swift; sourceTree = "<group>"; };
		4FFC02F71F26AF1D00B55206 /* SignInViewController.swift */ = {isa = PBXFileReference; fileEncoding = 4; lastKnownFileType = sourcecode.swift; path = SignInViewController.swift; sourceTree = "<group>"; };
		4FFC02F81F26AF1D00B55206 /* SignInViewController.xib */ = {isa = PBXFileReference; fileEncoding = 4; lastKnownFileType = file.xib; path = SignInViewController.xib; sourceTree = "<group>"; };
		4FFC02FB1F27BDCC00B55206 /* FacebookAPIManager.swift */ = {isa = PBXFileReference; fileEncoding = 4; lastKnownFileType = sourcecode.swift; path = FacebookAPIManager.swift; sourceTree = "<group>"; };
		7C10FC9C1F1D6F2E009EE12F /* CreateTitleViewController.swift */ = {isa = PBXFileReference; fileEncoding = 4; lastKnownFileType = sourcecode.swift; name = CreateTitleViewController.swift; path = ../CreateTitleViewController.swift; sourceTree = "<group>"; };
		7C10FCA51F1D8941009EE12F /* CreateGuestsViewController.swift */ = {isa = PBXFileReference; fileEncoding = 4; lastKnownFileType = sourcecode.swift; path = CreateGuestsViewController.swift; sourceTree = "<group>"; };
		7C10FCA71F1DD4BB009EE12F /* CreateAboutViewController.swift */ = {isa = PBXFileReference; fileEncoding = 4; lastKnownFileType = sourcecode.swift; path = CreateAboutViewController.swift; sourceTree = "<group>"; };
		7C10FCAB1F1EA361009EE12F /* GuestListTableViewCell.swift */ = {isa = PBXFileReference; fileEncoding = 4; lastKnownFileType = sourcecode.swift; name = GuestListTableViewCell.swift; path = ../GuestListTableViewCell.swift; sourceTree = "<group>"; };
		7C26DE9D1F312C960079BE1A /* AddPaymentViewController.swift */ = {isa = PBXFileReference; fileEncoding = 4; lastKnownFileType = sourcecode.swift; path = AddPaymentViewController.swift; sourceTree = "<group>"; };
		7C26DE9E1F312C960079BE1A /* AddPaymentViewController.xib */ = {isa = PBXFileReference; fileEncoding = 4; lastKnownFileType = file.xib; path = AddPaymentViewController.xib; sourceTree = "<group>"; };
		7C26DEA11F3147300079BE1A /* bash-Bridging-Header.h */ = {isa = PBXFileReference; lastKnownFileType = sourcecode.c.h; path = "bash-Bridging-Header.h"; sourceTree = "<group>"; };
		7C4745381F2930E0009CA46E /* SettingsViewController.swift */ = {isa = PBXFileReference; fileEncoding = 4; lastKnownFileType = sourcecode.swift; path = SettingsViewController.swift; sourceTree = "<group>"; };
		7C4745391F2930E0009CA46E /* SettingsViewController.xib */ = {isa = PBXFileReference; fileEncoding = 4; lastKnownFileType = file.xib; path = SettingsViewController.xib; sourceTree = "<group>"; };
		7C4BA22A1F18163B004739EE /* Utilities.swift */ = {isa = PBXFileReference; fileEncoding = 4; lastKnownFileType = sourcecode.swift; path = Utilities.swift; sourceTree = "<group>"; };
		7C9A6B7D1F2FBC4F00A70FD3 /* GuestsTableViewCell.swift */ = {isa = PBXFileReference; fileEncoding = 4; lastKnownFileType = sourcecode.swift; path = GuestsTableViewCell.swift; sourceTree = "<group>"; };
		7C9A6B7E1F2FBC4F00A70FD3 /* GuestsTableViewCell.xib */ = {isa = PBXFileReference; fileEncoding = 4; lastKnownFileType = file.xib; path = GuestsTableViewCell.xib; sourceTree = "<group>"; };
		7CAAA0E01F27CC49005C1A76 /* ProfileViewController.swift */ = {isa = PBXFileReference; fileEncoding = 4; lastKnownFileType = sourcecode.swift; path = ProfileViewController.swift; sourceTree = "<group>"; };
		7CAAA0E41F281304005C1A76 /* WalletViewController.swift */ = {isa = PBXFileReference; fileEncoding = 4; lastKnownFileType = sourcecode.swift; path = WalletViewController.swift; sourceTree = "<group>"; };
		7CAAA0E51F281304005C1A76 /* WalletViewController.xib */ = {isa = PBXFileReference; fileEncoding = 4; lastKnownFileType = file.xib; path = WalletViewController.xib; sourceTree = "<group>"; };
		7CAAA0ED1F281A94005C1A76 /* PaymentTableViewCell.swift */ = {isa = PBXFileReference; fileEncoding = 4; lastKnownFileType = sourcecode.swift; path = PaymentTableViewCell.swift; sourceTree = "<group>"; };
		7CAAA0EE1F281A94005C1A76 /* PaymentTableViewCell.xib */ = {isa = PBXFileReference; fileEncoding = 4; lastKnownFileType = file.xib; path = PaymentTableViewCell.xib; sourceTree = "<group>"; };
		7CB423761F300A1A00E31099 /* InvitedCollectionViewCell.swift */ = {isa = PBXFileReference; fileEncoding = 4; lastKnownFileType = sourcecode.swift; path = InvitedCollectionViewCell.swift; sourceTree = "<group>"; };
		7CBC19241F29511E002C65F9 /* MyUploadsViewController.swift */ = {isa = PBXFileReference; fileEncoding = 4; lastKnownFileType = sourcecode.swift; path = MyUploadsViewController.swift; sourceTree = "<group>"; };
		7CBC19251F29511E002C65F9 /* MyUploadsViewController.xib */ = {isa = PBXFileReference; fileEncoding = 4; lastKnownFileType = file.xib; path = MyUploadsViewController.xib; sourceTree = "<group>"; };
		A0CC4CC9003125A309623E90 /* Pods_eventsUITests.framework */ = {isa = PBXFileReference; explicitFileType = wrapper.framework; includeInIndex = 0; path = Pods_eventsUITests.framework; sourceTree = BUILT_PRODUCTS_DIR; };
		C744BF3E9604EAC5019FA3B0 /* Pods-events.release.xcconfig */ = {isa = PBXFileReference; includeInIndex = 1; lastKnownFileType = text.xcconfig; name = "Pods-events.release.xcconfig"; path = "Pods/Target Support Files/Pods-events/Pods-events.release.xcconfig"; sourceTree = "<group>"; };
		CB8C73451CEFA2E4231A3210 /* Pods-eventsTests.release.xcconfig */ = {isa = PBXFileReference; includeInIndex = 1; lastKnownFileType = text.xcconfig; name = "Pods-eventsTests.release.xcconfig"; path = "Pods/Target Support Files/Pods-eventsTests/Pods-eventsTests.release.xcconfig"; sourceTree = "<group>"; };
		CCAC109E9CF8667FBF9C91A2 /* Pods-events.debug.xcconfig */ = {isa = PBXFileReference; includeInIndex = 1; lastKnownFileType = text.xcconfig; name = "Pods-events.debug.xcconfig"; path = "Pods/Target Support Files/Pods-events/Pods-events.debug.xcconfig"; sourceTree = "<group>"; };
		D839BB9FCBAC05432CA20385 /* Pods-eventsUITests.release.xcconfig */ = {isa = PBXFileReference; includeInIndex = 1; lastKnownFileType = text.xcconfig; name = "Pods-eventsUITests.release.xcconfig"; path = "Pods/Target Support Files/Pods-eventsUITests/Pods-eventsUITests.release.xcconfig"; sourceTree = "<group>"; };
		FEA4B11847762B926FC002F5 /* Pods-eventsTests.debug.xcconfig */ = {isa = PBXFileReference; includeInIndex = 1; lastKnownFileType = text.xcconfig; name = "Pods-eventsTests.debug.xcconfig"; path = "Pods/Target Support Files/Pods-eventsTests/Pods-eventsTests.debug.xcconfig"; sourceTree = "<group>"; };
/* End PBXFileReference section */

/* Begin PBXFrameworksBuildPhase section */
		4FCB62751F143DC400BBDC71 /* Frameworks */ = {
			isa = PBXFrameworksBuildPhase;
			buildActionMask = 2147483647;
			files = (
				7F92027EDD6ECD0EF332F353 /* Pods_events.framework in Frameworks */,
			);
			runOnlyForDeploymentPostprocessing = 0;
		};
		4FCB62891F143DC400BBDC71 /* Frameworks */ = {
			isa = PBXFrameworksBuildPhase;
			buildActionMask = 2147483647;
			files = (
				CCB163A1DDBEE3944D6FE0A3 /* Pods_eventsTests.framework in Frameworks */,
			);
			runOnlyForDeploymentPostprocessing = 0;
		};
		4FCB62941F143DC400BBDC71 /* Frameworks */ = {
			isa = PBXFrameworksBuildPhase;
			buildActionMask = 2147483647;
			files = (
				3AF83A15E164D2366EE880C1 /* Pods_eventsUITests.framework in Frameworks */,
			);
			runOnlyForDeploymentPostprocessing = 0;
		};
/* End PBXFrameworksBuildPhase section */

/* Begin PBXGroup section */
		09A15CBF1F1568E300E847CC /* Models */ = {
			isa = PBXGroup;
			children = (
				4F87D3741F168EA0007D4E94 /* AppUser.swift */,
				4F2545711F1FCCF90076AE0B /* CreateEventMaster.swift */,
				4F87D3761F168EB5007D4E94 /* Event.swift */,
				4F4959801F290E31006B90EE /* FacebookFriend.swift */,
				09A15CC01F1568F300E847CC /* Transaction.swift */,
			);
			name = Models;
			sourceTree = "<group>";
		};
		09A15CC41F15A28700E847CC /* certs */ = {
			isa = PBXGroup;
			children = (
				09A15CC21F159DB000E847CC /* PKCS12.swift */,
				09A15CC51F15A2B600E847CC /* eventsKeyCertBundle.p12 */,
			);
			name = certs;
			sourceTree = "<group>";
		};
		09EB68D81F2F89CE00967BA8 /* EventsTableViewPage */ = {
			isa = PBXGroup;
			children = (
				09F7884A1F26694A00A311F0 /* detailView0.swift */,
				09F788481F2668A700A311F0 /* detailView0.xib */,
				09F7884E1F26783100A311F0 /* detailView1.swift */,
				09F7884C1F26781400A311F0 /* detailView1.xib */,
				09F788521F269F0900A311F0 /* detailView2.swift */,
				09F788501F269EE800A311F0 /* detailView2.xib */,
				09A15CC81F17E29D00E847CC /* EventsTableViewCell.swift */,
				09A15CC91F17E29D00E847CC /* EventsTableViewCell.xib */,
				09A15CC61F17DE7600E847CC /* EventsViewController.swift */,
				7C9A6B7D1F2FBC4F00A70FD3 /* GuestsTableViewCell.swift */,
				7C9A6B7E1F2FBC4F00A70FD3 /* GuestsTableViewCell.xib */,
				09C808A61F2BFDDE009AA56F /* imageCollectionViewCell.swift */,
				09C808A31F2BFD95009AA56F /* imageCollectionViewCell.xib */,
				09B321561F2BB7DA0044F05C /* songOverlayView.swift */,
				09B321541F2BB79B0044F05C /* songSearchResultsOverlay.xib */,
				09B321501F2BB55F0044F05C /* SongTableViewCell.swift */,
				09B321511F2BB55F0044F05C /* SongTableViewCell.xib */,
			);
			name = EventsTableViewPage;
			sourceTree = "<group>";
		};
		20D303D004903CD73037EFE1 /* Pods */ = {
			isa = PBXGroup;
			children = (
				CCAC109E9CF8667FBF9C91A2 /* Pods-events.debug.xcconfig */,
				C744BF3E9604EAC5019FA3B0 /* Pods-events.release.xcconfig */,
				FEA4B11847762B926FC002F5 /* Pods-eventsTests.debug.xcconfig */,
				CB8C73451CEFA2E4231A3210 /* Pods-eventsTests.release.xcconfig */,
				1E325F93B30E087012B5B727 /* Pods-eventsUITests.debug.xcconfig */,
				D839BB9FCBAC05432CA20385 /* Pods-eventsUITests.release.xcconfig */,
			);
			name = Pods;
			sourceTree = "<group>";
		};
		4F2545661F1D59D00076AE0B /* SignInViewControllers */ = {
			isa = PBXGroup;
			children = (
				4FFC02F71F26AF1D00B55206 /* SignInViewController.swift */,
			);
			name = SignInViewControllers;
			sourceTree = "<group>";
		};
		4F87D3781F168F59007D4E94 /* Views */ = {
			isa = PBXGroup;
			children = (
				7C26DE9D1F312C960079BE1A /* AddPaymentViewController.swift */,
				7C26DE9E1F312C960079BE1A /* AddPaymentViewController.xib */,
				7CBC19241F29511E002C65F9 /* MyUploadsViewController.swift */,
				7CBC19251F29511E002C65F9 /* MyUploadsViewController.xib */,
				7CAAA0ED1F281A94005C1A76 /* PaymentTableViewCell.swift */,
				7CAAA0EE1F281A94005C1A76 /* PaymentTableViewCell.xib */,
				7C10FCAB1F1EA361009EE12F /* GuestListTableViewCell.swift */,
				7C4745381F2930E0009CA46E /* SettingsViewController.swift */,
				7C4745391F2930E0009CA46E /* SettingsViewController.xib */,
				7CAAA0E41F281304005C1A76 /* WalletViewController.swift */,
				7CAAA0E51F281304005C1A76 /* WalletViewController.xib */,
			);
			name = Views;
			sourceTree = "<group>";
		};
		4F87D3791F1696AF007D4E94 /* ViewControllers */ = {
			isa = PBXGroup;
			children = (
				7C10FCA21F1D7E15009EE12F /* CreateEvents */,
				09D42D461F1FD62300438801 /* DetailPictureViewController.swift */,
				4FCB627D1F143DC400BBDC71 /* MapViewController.swift */,
				4FE3AF701F2660D20055FD90 /* MasterTabBarController.swift */,
				09D42D441F1FCFE900438801 /* MediaViewController.swift */,
				7CAAA0E01F27CC49005C1A76 /* ProfileViewController.swift */,
			);
			name = ViewControllers;
			sourceTree = "<group>";
		};
		4F9887261F144A7B00759564 /* APIManagers */ = {
			isa = PBXGroup;
			children = (
				4FFC02FB1F27BDCC00B55206 /* FacebookAPIManager.swift */,
				4F87D3721F168E6F007D4E94 /* FirebaseAuthManager.swift */,
				4F9887271F144AD700759564 /* FirebaseDatabaseManager.swift */,
				4F87D3701F168E5A007D4E94 /* FirebaseStorageManager.swift */,
				09A15CBB1F15487700E847CC /* OAuthSwiftManager.swift */,
				09A15CBD1F15676500E847CC /* VisaDirectAPIManager.swift */,
			);
			name = APIManagers;
			sourceTree = "<group>";
		};
		4FB4F7D71F3150B900DD4AFD /* SearchViewControllers */ = {
			isa = PBXGroup;
			children = (
				4FB4F7E01F3151A400DD4AFD /* SearchEventsViewController.swift */,
				4FB4F7E11F3151A400DD4AFD /* SearchEventsViewController.xib */,
				4FB4F7E81F315F7800DD4AFD /* SearchEventsTableViewCell.swift */,
				4FB4F7E91F315F7800DD4AFD /* SearchEventsTableViewCell.xib */,
			);
			name = SearchViewControllers;
			sourceTree = "<group>";
		};
		4FCB626F1F143DC400BBDC71 = {
			isa = PBXGroup;
			children = (
				4FCB627A1F143DC400BBDC71 /* events */,
				4FCB628F1F143DC400BBDC71 /* eventsTests */,
				4FCB629A1F143DC400BBDC71 /* eventsUITests */,
				4FCB62791F143DC400BBDC71 /* Products */,
				20D303D004903CD73037EFE1 /* Pods */,
				D46BB857F2F73624A5871E37 /* Frameworks */,
			);
			sourceTree = "<group>";
		};
		4FCB62791F143DC400BBDC71 /* Products */ = {
			isa = PBXGroup;
			children = (
				4FCB62781F143DC400BBDC71 /* events.app */,
				4FCB628C1F143DC400BBDC71 /* eventsTests.xctest */,
				4FCB62971F143DC400BBDC71 /* eventsUITests.xctest */,
			);
			name = Products;
			sourceTree = "<group>";
		};
		4FCB627A1F143DC400BBDC71 /* events */ = {
			isa = PBXGroup;
			children = (
				4FB4F7D71F3150B900DD4AFD /* SearchViewControllers */,
				4FCB627F1F143DC400BBDC71 /* Main.storyboard */,
				4FFC02F81F26AF1D00B55206 /* SignInViewController.xib */,
				4F2545661F1D59D00076AE0B /* SignInViewControllers */,
				4F87D3791F1696AF007D4E94 /* ViewControllers */,
				4F87D3781F168F59007D4E94 /* Views */,
				09EB68D81F2F89CE00967BA8 /* EventsTableViewPage */,
				09A15CBF1F1568E300E847CC /* Models */,
				4F9887261F144A7B00759564 /* APIManagers */,
				09A15CC41F15A28700E847CC /* certs */,
				4FCB627B1F143DC400BBDC71 /* AppDelegate.swift */,
				7C4BA22A1F18163B004739EE /* Utilities.swift */,
				7C26DEA11F3147300079BE1A /* bash-Bridging-Header.h */,
				4FCB62821F143DC400BBDC71 /* Assets.xcassets */,
				4FCB62A91F1446EB00BBDC71 /* GoogleService-Info.plist */,
				4F2545691F1EDA2B0076AE0B /* TestLocations.gpx */,
				4FCB62871F143DC400BBDC71 /* Info.plist */,
				4FD2FE8F1F2ADBDE00E565B9 /* apple.gpx */,
				4FD2FE911F2ADBEE00E565B9 /* google.gpx */,
				4FD2FE9D1F2C161800E565B9 /* paper.json */,
				4FD2FE9E1F2C161800E565B9 /* retro.json */,
				4FD2FE971F2C160E00E565B9 /* custom.json */,
				4FD2FE981F2C160E00E565B9 /* dark.json */,
				4FD2FE991F2C160E00E565B9 /* default.json */,
			);
			path = events;
			sourceTree = SOURCE_ROOT;
		};
		4FCB628F1F143DC400BBDC71 /* eventsTests */ = {
			isa = PBXGroup;
			children = (
				4FCB62901F143DC400BBDC71 /* eventsTests.swift */,
				4FCB62921F143DC400BBDC71 /* Info.plist */,
			);
			path = eventsTests;
			sourceTree = "<group>";
		};
		4FCB629A1F143DC400BBDC71 /* eventsUITests */ = {
			isa = PBXGroup;
			children = (
				4FCB629B1F143DC400BBDC71 /* eventsUITests.swift */,
				4FCB629D1F143DC400BBDC71 /* Info.plist */,
			);
			path = eventsUITests;
			sourceTree = "<group>";
		};
		7C10FCA21F1D7E15009EE12F /* CreateEvents */ = {
			isa = PBXGroup;
			children = (
				7C10FCA71F1DD4BB009EE12F /* CreateAboutViewController.swift */,
				7C10FCA51F1D8941009EE12F /* CreateGuestsViewController.swift */,
				4F010D741F16EE7A00E8EA47 /* CreateLocationViewController.swift */,
				7C10FC9C1F1D6F2E009EE12F /* CreateTitleViewController.swift */,
				4F69AB331F22734D0098B191 /* CreateEventPageController.swift */,
				7CB423761F300A1A00E31099 /* InvitedCollectionViewCell.swift */,
				4F69AB351F22987A0098B191 /* EventContainerViewController.swift */,
			);
			name = CreateEvents;
			sourceTree = "<group>";
		};
		D46BB857F2F73624A5871E37 /* Frameworks */ = {
			isa = PBXGroup;
			children = (
				1049C4B47D6A2EF2BF4A7F99 /* Pods_events.framework */,
				2C04120232A3D15602FB929F /* Pods_eventsTests.framework */,
				A0CC4CC9003125A309623E90 /* Pods_eventsUITests.framework */,
			);
			name = Frameworks;
			sourceTree = "<group>";
		};
/* End PBXGroup section */

/* Begin PBXNativeTarget section */
		4FCB62771F143DC400BBDC71 /* events */ = {
			isa = PBXNativeTarget;
			buildConfigurationList = 4FCB62A01F143DC400BBDC71 /* Build configuration list for PBXNativeTarget "events" */;
			buildPhases = (
				1FE81D9F491937E124EF9B6F /* [CP] Check Pods Manifest.lock */,
				4FCB62741F143DC400BBDC71 /* Sources */,
				4FCB62751F143DC400BBDC71 /* Frameworks */,
				4FCB62761F143DC400BBDC71 /* Resources */,
				DF42FAFF5441EDB3509D0302 /* [CP] Embed Pods Frameworks */,
				2A4344BEC5D790075B96E0A8 /* [CP] Copy Pods Resources */,
			);
			buildRules = (
			);
			dependencies = (
			);
			name = events;
			productName = events;
			productReference = 4FCB62781F143DC400BBDC71 /* events.app */;
			productType = "com.apple.product-type.application";
		};
		4FCB628B1F143DC400BBDC71 /* eventsTests */ = {
			isa = PBXNativeTarget;
			buildConfigurationList = 4FCB62A31F143DC400BBDC71 /* Build configuration list for PBXNativeTarget "eventsTests" */;
			buildPhases = (
				E59CE429ABC3AA6F66625BDC /* [CP] Check Pods Manifest.lock */,
				4FCB62881F143DC400BBDC71 /* Sources */,
				4FCB62891F143DC400BBDC71 /* Frameworks */,
				4FCB628A1F143DC400BBDC71 /* Resources */,
				7A5DD9FEC920F140937659AD /* [CP] Embed Pods Frameworks */,
				086A2ED5D46088DE5F3D4FF7 /* [CP] Copy Pods Resources */,
			);
			buildRules = (
			);
			dependencies = (
				4FCB628E1F143DC400BBDC71 /* PBXTargetDependency */,
			);
			name = eventsTests;
			productName = eventsTests;
			productReference = 4FCB628C1F143DC400BBDC71 /* eventsTests.xctest */;
			productType = "com.apple.product-type.bundle.unit-test";
		};
		4FCB62961F143DC400BBDC71 /* eventsUITests */ = {
			isa = PBXNativeTarget;
			buildConfigurationList = 4FCB62A61F143DC400BBDC71 /* Build configuration list for PBXNativeTarget "eventsUITests" */;
			buildPhases = (
				891B287A482717F8C3E5F7B9 /* [CP] Check Pods Manifest.lock */,
				4FCB62931F143DC400BBDC71 /* Sources */,
				4FCB62941F143DC400BBDC71 /* Frameworks */,
				4FCB62951F143DC400BBDC71 /* Resources */,
				F365A8814FCC8CD26FB29E9F /* [CP] Embed Pods Frameworks */,
				1E3D264B2B9FD44520A3F682 /* [CP] Copy Pods Resources */,
			);
			buildRules = (
			);
			dependencies = (
				4FCB62991F143DC400BBDC71 /* PBXTargetDependency */,
			);
			name = eventsUITests;
			productName = eventsUITests;
			productReference = 4FCB62971F143DC400BBDC71 /* eventsUITests.xctest */;
			productType = "com.apple.product-type.bundle.ui-testing";
		};
/* End PBXNativeTarget section */

/* Begin PBXProject section */
		4FCB62701F143DC400BBDC71 /* Project object */ = {
			isa = PBXProject;
			attributes = {
				LastSwiftUpdateCheck = 0830;
				LastUpgradeCheck = 0830;
				ORGANIZATIONNAME = "fbu-rsx";
				TargetAttributes = {
					4FCB62771F143DC400BBDC71 = {
						CreatedOnToolsVersion = 8.3.2;
						DevelopmentTeam = TM66RGVAQ6;
						ProvisioningStyle = Automatic;
						SystemCapabilities = {
							com.apple.Push = {
								enabled = 0;
							};
							com.apple.Wallet = {
								enabled = 0;
							};
						};
					};
					4FCB628B1F143DC400BBDC71 = {
						CreatedOnToolsVersion = 8.3.2;
						ProvisioningStyle = Automatic;
						TestTargetID = 4FCB62771F143DC400BBDC71;
					};
					4FCB62961F143DC400BBDC71 = {
						CreatedOnToolsVersion = 8.3.2;
						ProvisioningStyle = Automatic;
						TestTargetID = 4FCB62771F143DC400BBDC71;
					};
				};
			};
			buildConfigurationList = 4FCB62731F143DC400BBDC71 /* Build configuration list for PBXProject "events" */;
			compatibilityVersion = "Xcode 3.2";
			developmentRegion = English;
			hasScannedForEncodings = 0;
			knownRegions = (
				en,
				Base,
			);
			mainGroup = 4FCB626F1F143DC400BBDC71;
			productRefGroup = 4FCB62791F143DC400BBDC71 /* Products */;
			projectDirPath = "";
			projectRoot = "";
			targets = (
				4FCB62771F143DC400BBDC71 /* events */,
				4FCB628B1F143DC400BBDC71 /* eventsTests */,
				4FCB62961F143DC400BBDC71 /* eventsUITests */,
			);
		};
/* End PBXProject section */

/* Begin PBXResourcesBuildPhase section */
		4FCB62761F143DC400BBDC71 /* Resources */ = {
			isa = PBXResourcesBuildPhase;
			buildActionMask = 2147483647;
			files = (
				09B321531F2BB55F0044F05C /* SongTableViewCell.xib in Resources */,
				4FD2FE9C1F2C160E00E565B9 /* default.json in Resources */,
				7CBC19271F29511E002C65F9 /* MyUploadsViewController.xib in Resources */,
				09A15CCB1F17E29D00E847CC /* EventsTableViewCell.xib in Resources */,
				4FB4F7E31F3151A400DD4AFD /* SearchEventsViewController.xib in Resources */,
				4FCB62AA1F1446EB00BBDC71 /* GoogleService-Info.plist in Resources */,
				7C47453B1F2930E0009CA46E /* SettingsViewController.xib in Resources */,
				7C021E231F2BF0A300029CCB /* Assets.xcassets in Resources */,
				4FD2FE9B1F2C160E00E565B9 /* dark.json in Resources */,
				09B321551F2BB79B0044F05C /* songSearchResultsOverlay.xib in Resources */,
				4FD2FE9F1F2C161800E565B9 /* paper.json in Resources */,
				4FD2FE901F2ADBDE00E565B9 /* apple.gpx in Resources */,
				4FD2FEA01F2C161800E565B9 /* retro.json in Resources */,
				7CAAA0E71F281304005C1A76 /* WalletViewController.xib in Resources */,
				7C26DEA01F312C960079BE1A /* AddPaymentViewController.xib in Resources */,
				4FCB62811F143DC400BBDC71 /* Main.storyboard in Resources */,
				4FFC02FA1F26AF1D00B55206 /* SignInViewController.xib in Resources */,
				09C808A51F2BFD95009AA56F /* imageCollectionViewCell.xib in Resources */,
				09F788511F269EE800A311F0 /* detailView2.xib in Resources */,
				09F7884D1F26781400A311F0 /* detailView1.xib in Resources */,
				7C26DE9C1F310EEB0079BE1A /* PaymentTableViewCell.xib in Resources */,
				4FB4F7EB1F315F7800DD4AFD /* SearchEventsTableViewCell.xib in Resources */,
				7C9A6B801F2FBC4F00A70FD3 /* GuestsTableViewCell.xib in Resources */,
				4FD2FE9A1F2C160E00E565B9 /* custom.json in Resources */,
				4F25456A1F1EDA2B0076AE0B /* TestLocations.gpx in Resources */,
				4FD2FE921F2ADBEE00E565B9 /* google.gpx in Resources */,
				09F788491F2668A700A311F0 /* detailView0.xib in Resources */,
			);
			runOnlyForDeploymentPostprocessing = 0;
		};
		4FCB628A1F143DC400BBDC71 /* Resources */ = {
			isa = PBXResourcesBuildPhase;
			buildActionMask = 2147483647;
			files = (
			);
			runOnlyForDeploymentPostprocessing = 0;
		};
		4FCB62951F143DC400BBDC71 /* Resources */ = {
			isa = PBXResourcesBuildPhase;
			buildActionMask = 2147483647;
			files = (
			);
			runOnlyForDeploymentPostprocessing = 0;
		};
/* End PBXResourcesBuildPhase section */

/* Begin PBXShellScriptBuildPhase section */
		086A2ED5D46088DE5F3D4FF7 /* [CP] Copy Pods Resources */ = {
			isa = PBXShellScriptBuildPhase;
			buildActionMask = 2147483647;
			files = (
			);
			inputPaths = (
			);
			name = "[CP] Copy Pods Resources";
			outputPaths = (
			);
			runOnlyForDeploymentPostprocessing = 0;
			shellPath = /bin/sh;
			shellScript = "\"${SRCROOT}/Pods/Target Support Files/Pods-eventsTests/Pods-eventsTests-resources.sh\"\n";
			showEnvVarsInLog = 0;
		};
		1E3D264B2B9FD44520A3F682 /* [CP] Copy Pods Resources */ = {
			isa = PBXShellScriptBuildPhase;
			buildActionMask = 2147483647;
			files = (
			);
			inputPaths = (
			);
			name = "[CP] Copy Pods Resources";
			outputPaths = (
			);
			runOnlyForDeploymentPostprocessing = 0;
			shellPath = /bin/sh;
			shellScript = "\"${SRCROOT}/Pods/Target Support Files/Pods-eventsUITests/Pods-eventsUITests-resources.sh\"\n";
			showEnvVarsInLog = 0;
		};
		1FE81D9F491937E124EF9B6F /* [CP] Check Pods Manifest.lock */ = {
			isa = PBXShellScriptBuildPhase;
			buildActionMask = 2147483647;
			files = (
			);
			inputPaths = (
			);
			name = "[CP] Check Pods Manifest.lock";
			outputPaths = (
			);
			runOnlyForDeploymentPostprocessing = 0;
			shellPath = /bin/sh;
			shellScript = "diff \"${PODS_PODFILE_DIR_PATH}/Podfile.lock\" \"${PODS_ROOT}/Manifest.lock\" > /dev/null\nif [ $? != 0 ] ; then\n    # print error to STDERR\n    echo \"error: The sandbox is not in sync with the Podfile.lock. Run 'pod install' or update your CocoaPods installation.\" >&2\n    exit 1\nfi\n";
			showEnvVarsInLog = 0;
		};
		2A4344BEC5D790075B96E0A8 /* [CP] Copy Pods Resources */ = {
			isa = PBXShellScriptBuildPhase;
			buildActionMask = 2147483647;
			files = (
			);
			inputPaths = (
			);
			name = "[CP] Copy Pods Resources";
			outputPaths = (
			);
			runOnlyForDeploymentPostprocessing = 0;
			shellPath = /bin/sh;
			shellScript = "\"${SRCROOT}/Pods/Target Support Files/Pods-events/Pods-events-resources.sh\"\n";
			showEnvVarsInLog = 0;
		};
		7A5DD9FEC920F140937659AD /* [CP] Embed Pods Frameworks */ = {
			isa = PBXShellScriptBuildPhase;
			buildActionMask = 2147483647;
			files = (
			);
			inputPaths = (
			);
			name = "[CP] Embed Pods Frameworks";
			outputPaths = (
			);
			runOnlyForDeploymentPostprocessing = 0;
			shellPath = /bin/sh;
			shellScript = "\"${SRCROOT}/Pods/Target Support Files/Pods-eventsTests/Pods-eventsTests-frameworks.sh\"\n";
			showEnvVarsInLog = 0;
		};
		891B287A482717F8C3E5F7B9 /* [CP] Check Pods Manifest.lock */ = {
			isa = PBXShellScriptBuildPhase;
			buildActionMask = 2147483647;
			files = (
			);
			inputPaths = (
			);
			name = "[CP] Check Pods Manifest.lock";
			outputPaths = (
			);
			runOnlyForDeploymentPostprocessing = 0;
			shellPath = /bin/sh;
			shellScript = "diff \"${PODS_PODFILE_DIR_PATH}/Podfile.lock\" \"${PODS_ROOT}/Manifest.lock\" > /dev/null\nif [ $? != 0 ] ; then\n    # print error to STDERR\n    echo \"error: The sandbox is not in sync with the Podfile.lock. Run 'pod install' or update your CocoaPods installation.\" >&2\n    exit 1\nfi\n";
			showEnvVarsInLog = 0;
		};
		DF42FAFF5441EDB3509D0302 /* [CP] Embed Pods Frameworks */ = {
			isa = PBXShellScriptBuildPhase;
			buildActionMask = 2147483647;
			files = (
			);
			inputPaths = (
			);
			name = "[CP] Embed Pods Frameworks";
			outputPaths = (
			);
			runOnlyForDeploymentPostprocessing = 0;
			shellPath = /bin/sh;
			shellScript = "\"${SRCROOT}/Pods/Target Support Files/Pods-events/Pods-events-frameworks.sh\"\n";
			showEnvVarsInLog = 0;
		};
		E59CE429ABC3AA6F66625BDC /* [CP] Check Pods Manifest.lock */ = {
			isa = PBXShellScriptBuildPhase;
			buildActionMask = 2147483647;
			files = (
			);
			inputPaths = (
			);
			name = "[CP] Check Pods Manifest.lock";
			outputPaths = (
			);
			runOnlyForDeploymentPostprocessing = 0;
			shellPath = /bin/sh;
			shellScript = "diff \"${PODS_PODFILE_DIR_PATH}/Podfile.lock\" \"${PODS_ROOT}/Manifest.lock\" > /dev/null\nif [ $? != 0 ] ; then\n    # print error to STDERR\n    echo \"error: The sandbox is not in sync with the Podfile.lock. Run 'pod install' or update your CocoaPods installation.\" >&2\n    exit 1\nfi\n";
			showEnvVarsInLog = 0;
		};
		F365A8814FCC8CD26FB29E9F /* [CP] Embed Pods Frameworks */ = {
			isa = PBXShellScriptBuildPhase;
			buildActionMask = 2147483647;
			files = (
			);
			inputPaths = (
			);
			name = "[CP] Embed Pods Frameworks";
			outputPaths = (
			);
			runOnlyForDeploymentPostprocessing = 0;
			shellPath = /bin/sh;
			shellScript = "\"${SRCROOT}/Pods/Target Support Files/Pods-eventsUITests/Pods-eventsUITests-frameworks.sh\"\n";
			showEnvVarsInLog = 0;
		};
/* End PBXShellScriptBuildPhase section */

/* Begin PBXSourcesBuildPhase section */
		4FCB62741F143DC400BBDC71 /* Sources */ = {
			isa = PBXSourcesBuildPhase;
			buildActionMask = 2147483647;
			files = (
				09B321571F2BB7DA0044F05C /* songOverlayView.swift in Sources */,
				4F4959811F290E31006B90EE /* FacebookFriend.swift in Sources */,
				7C10FCA81F1DD4BB009EE12F /* CreateAboutViewController.swift in Sources */,
				4FCB627E1F143DC400BBDC71 /* MapViewController.swift in Sources */,
				09A15CBE1F15676500E847CC /* VisaDirectAPIManager.swift in Sources */,
				7C26DE9F1F312C960079BE1A /* AddPaymentViewController.swift in Sources */,
				7C10FCAC1F1EA361009EE12F /* GuestListTableViewCell.swift in Sources */,
				4F69AB361F22987A0098B191 /* EventContainerViewController.swift in Sources */,
				7CAAA0E11F27CC49005C1A76 /* ProfileViewController.swift in Sources */,
				7C9A6B7F1F2FBC4F00A70FD3 /* GuestsTableViewCell.swift in Sources */,
				7CAAA0E61F281304005C1A76 /* WalletViewController.swift in Sources */,
				7CBC19261F29511E002C65F9 /* MyUploadsViewController.swift in Sources */,
				09D42D451F1FCFE900438801 /* MediaViewController.swift in Sources */,
				4FB4F7E21F3151A400DD4AFD /* SearchEventsViewController.swift in Sources */,
				4F010D751F16EE7A00E8EA47 /* CreateLocationViewController.swift in Sources */,
				4F87D3731F168E6F007D4E94 /* FirebaseAuthManager.swift in Sources */,
				7C10FC9D1F1D6F2E009EE12F /* CreateTitleViewController.swift in Sources */,
				09F7884F1F26783100A311F0 /* detailView1.swift in Sources */,
				7C10FCA61F1D8941009EE12F /* CreateGuestsViewController.swift in Sources */,
				4FFC02FC1F27BDCC00B55206 /* FacebookAPIManager.swift in Sources */,
				09A15CC11F1568F300E847CC /* Transaction.swift in Sources */,
				7CB423771F300A1A00E31099 /* InvitedCollectionViewCell.swift in Sources */,
				4F87D3771F168EB5007D4E94 /* Event.swift in Sources */,
				09F788531F269F0900A311F0 /* detailView2.swift in Sources */,
				09A15CCA1F17E29D00E847CC /* EventsTableViewCell.swift in Sources */,
				09B321521F2BB55F0044F05C /* SongTableViewCell.swift in Sources */,
				4FE3AF711F2660D20055FD90 /* MasterTabBarController.swift in Sources */,
				4FB4F7EA1F315F7800DD4AFD /* SearchEventsTableViewCell.swift in Sources */,
				7C26DE9B1F310EC10079BE1A /* PaymentTableViewCell.swift in Sources */,
				7C47453A1F2930E0009CA46E /* SettingsViewController.swift in Sources */,
				09A15CC31F159DB000E847CC /* PKCS12.swift in Sources */,
				7C4BA22B1F18163B004739EE /* Utilities.swift in Sources */,
				4FCB627C1F143DC400BBDC71 /* AppDelegate.swift in Sources */,
				4F2545721F1FCCF90076AE0B /* CreateEventMaster.swift in Sources */,
				09C808A71F2BFDDE009AA56F /* imageCollectionViewCell.swift in Sources */,
				4F69AB341F22734D0098B191 /* CreateEventPageController.swift in Sources */,
				4F87D3751F168EA0007D4E94 /* AppUser.swift in Sources */,
				4F9887281F144AD700759564 /* FirebaseDatabaseManager.swift in Sources */,
				09A15CC71F17DE7600E847CC /* EventsViewController.swift in Sources */,
				4FFC02F91F26AF1D00B55206 /* SignInViewController.swift in Sources */,
				4F87D3711F168E5A007D4E94 /* FirebaseStorageManager.swift in Sources */,
				09A15CBC1F15487700E847CC /* OAuthSwiftManager.swift in Sources */,
				09F7884B1F26694A00A311F0 /* detailView0.swift in Sources */,
				09D42D471F1FD62300438801 /* DetailPictureViewController.swift in Sources */,
			);
			runOnlyForDeploymentPostprocessing = 0;
		};
		4FCB62881F143DC400BBDC71 /* Sources */ = {
			isa = PBXSourcesBuildPhase;
			buildActionMask = 2147483647;
			files = (
				4FCB62911F143DC400BBDC71 /* eventsTests.swift in Sources */,
			);
			runOnlyForDeploymentPostprocessing = 0;
		};
		4FCB62931F143DC400BBDC71 /* Sources */ = {
			isa = PBXSourcesBuildPhase;
			buildActionMask = 2147483647;
			files = (
				4FCB629C1F143DC400BBDC71 /* eventsUITests.swift in Sources */,
			);
			runOnlyForDeploymentPostprocessing = 0;
		};
/* End PBXSourcesBuildPhase section */

/* Begin PBXTargetDependency section */
		4FCB628E1F143DC400BBDC71 /* PBXTargetDependency */ = {
			isa = PBXTargetDependency;
			target = 4FCB62771F143DC400BBDC71 /* events */;
			targetProxy = 4FCB628D1F143DC400BBDC71 /* PBXContainerItemProxy */;
		};
		4FCB62991F143DC400BBDC71 /* PBXTargetDependency */ = {
			isa = PBXTargetDependency;
			target = 4FCB62771F143DC400BBDC71 /* events */;
			targetProxy = 4FCB62981F143DC400BBDC71 /* PBXContainerItemProxy */;
		};
/* End PBXTargetDependency section */

/* Begin PBXVariantGroup section */
		4FCB627F1F143DC400BBDC71 /* Main.storyboard */ = {
			isa = PBXVariantGroup;
			children = (
				4FCB62801F143DC400BBDC71 /* Base */,
			);
			name = Main.storyboard;
			sourceTree = "<group>";
		};
/* End PBXVariantGroup section */

/* Begin XCBuildConfiguration section */
		4FCB629E1F143DC400BBDC71 /* Debug */ = {
			isa = XCBuildConfiguration;
			buildSettings = {
				ALWAYS_SEARCH_USER_PATHS = NO;
				CLANG_ANALYZER_NONNULL = YES;
				CLANG_ANALYZER_NUMBER_OBJECT_CONVERSION = YES_AGGRESSIVE;
				CLANG_CXX_LANGUAGE_STANDARD = "gnu++0x";
				CLANG_CXX_LIBRARY = "libc++";
				CLANG_ENABLE_MODULES = YES;
				CLANG_ENABLE_OBJC_ARC = YES;
				CLANG_WARN_BOOL_CONVERSION = YES;
				CLANG_WARN_CONSTANT_CONVERSION = YES;
				CLANG_WARN_DIRECT_OBJC_ISA_USAGE = YES_ERROR;
				CLANG_WARN_DOCUMENTATION_COMMENTS = YES;
				CLANG_WARN_EMPTY_BODY = YES;
				CLANG_WARN_ENUM_CONVERSION = YES;
				CLANG_WARN_INFINITE_RECURSION = YES;
				CLANG_WARN_INT_CONVERSION = YES;
				CLANG_WARN_OBJC_ROOT_CLASS = YES_ERROR;
				CLANG_WARN_SUSPICIOUS_MOVE = YES;
				CLANG_WARN_UNREACHABLE_CODE = YES;
				CLANG_WARN__DUPLICATE_METHOD_MATCH = YES;
				"CODE_SIGN_IDENTITY[sdk=iphoneos*]" = "iPhone Developer";
				COPY_PHASE_STRIP = NO;
				DEBUG_INFORMATION_FORMAT = dwarf;
				ENABLE_STRICT_OBJC_MSGSEND = YES;
				ENABLE_TESTABILITY = YES;
				GCC_C_LANGUAGE_STANDARD = gnu99;
				GCC_DYNAMIC_NO_PIC = NO;
				GCC_NO_COMMON_BLOCKS = YES;
				GCC_OPTIMIZATION_LEVEL = 0;
				GCC_PREPROCESSOR_DEFINITIONS = (
					"DEBUG=1",
					"$(inherited)",
				);
				GCC_WARN_64_TO_32_BIT_CONVERSION = YES;
				GCC_WARN_ABOUT_RETURN_TYPE = YES_ERROR;
				GCC_WARN_UNDECLARED_SELECTOR = YES;
				GCC_WARN_UNINITIALIZED_AUTOS = YES_AGGRESSIVE;
				GCC_WARN_UNUSED_FUNCTION = YES;
				GCC_WARN_UNUSED_VARIABLE = YES;
				IPHONEOS_DEPLOYMENT_TARGET = 10.3;
				MTL_ENABLE_DEBUG_INFO = YES;
				ONLY_ACTIVE_ARCH = YES;
				SDKROOT = iphoneos;
				SWIFT_ACTIVE_COMPILATION_CONDITIONS = DEBUG;
				SWIFT_OPTIMIZATION_LEVEL = "-Onone";
				TARGETED_DEVICE_FAMILY = "1,2";
			};
			name = Debug;
		};
		4FCB629F1F143DC400BBDC71 /* Release */ = {
			isa = XCBuildConfiguration;
			buildSettings = {
				ALWAYS_SEARCH_USER_PATHS = NO;
				CLANG_ANALYZER_NONNULL = YES;
				CLANG_ANALYZER_NUMBER_OBJECT_CONVERSION = YES_AGGRESSIVE;
				CLANG_CXX_LANGUAGE_STANDARD = "gnu++0x";
				CLANG_CXX_LIBRARY = "libc++";
				CLANG_ENABLE_MODULES = YES;
				CLANG_ENABLE_OBJC_ARC = YES;
				CLANG_WARN_BOOL_CONVERSION = YES;
				CLANG_WARN_CONSTANT_CONVERSION = YES;
				CLANG_WARN_DIRECT_OBJC_ISA_USAGE = YES_ERROR;
				CLANG_WARN_DOCUMENTATION_COMMENTS = YES;
				CLANG_WARN_EMPTY_BODY = YES;
				CLANG_WARN_ENUM_CONVERSION = YES;
				CLANG_WARN_INFINITE_RECURSION = YES;
				CLANG_WARN_INT_CONVERSION = YES;
				CLANG_WARN_OBJC_ROOT_CLASS = YES_ERROR;
				CLANG_WARN_SUSPICIOUS_MOVE = YES;
				CLANG_WARN_UNREACHABLE_CODE = YES;
				CLANG_WARN__DUPLICATE_METHOD_MATCH = YES;
				"CODE_SIGN_IDENTITY[sdk=iphoneos*]" = "iPhone Developer";
				COPY_PHASE_STRIP = NO;
				DEBUG_INFORMATION_FORMAT = "dwarf-with-dsym";
				ENABLE_NS_ASSERTIONS = NO;
				ENABLE_STRICT_OBJC_MSGSEND = YES;
				GCC_C_LANGUAGE_STANDARD = gnu99;
				GCC_NO_COMMON_BLOCKS = YES;
				GCC_WARN_64_TO_32_BIT_CONVERSION = YES;
				GCC_WARN_ABOUT_RETURN_TYPE = YES_ERROR;
				GCC_WARN_UNDECLARED_SELECTOR = YES;
				GCC_WARN_UNINITIALIZED_AUTOS = YES_AGGRESSIVE;
				GCC_WARN_UNUSED_FUNCTION = YES;
				GCC_WARN_UNUSED_VARIABLE = YES;
				IPHONEOS_DEPLOYMENT_TARGET = 10.3;
				MTL_ENABLE_DEBUG_INFO = NO;
				SDKROOT = iphoneos;
				SWIFT_OPTIMIZATION_LEVEL = "-Owholemodule";
				TARGETED_DEVICE_FAMILY = "1,2";
				VALIDATE_PRODUCT = YES;
			};
			name = Release;
		};
		4FCB62A11F143DC400BBDC71 /* Debug */ = {
			isa = XCBuildConfiguration;
			baseConfigurationReference = CCAC109E9CF8667FBF9C91A2 /* Pods-events.debug.xcconfig */;
			buildSettings = {
				ASSETCATALOG_COMPILER_APPICON_NAME = AppIcon;
				DEVELOPMENT_TEAM = TM66RGVAQ6;
				FRAMEWORK_SEARCH_PATHS = (
					"$(inherited)",
					"$(PROJECT_DIR)",
				);
				INFOPLIST_FILE = events/Info.plist;
				PRODUCT_BUNDLE_IDENTIFIER = com.xiuchen.events;
				PRODUCT_NAME = "$(TARGET_NAME)";
				SWIFT_OBJC_BRIDGING_HEADER = "events/bash-Bridging-Header.h";
				SWIFT_VERSION = 3.0;
			};
			name = Debug;
		};
		4FCB62A21F143DC400BBDC71 /* Release */ = {
			isa = XCBuildConfiguration;
			baseConfigurationReference = C744BF3E9604EAC5019FA3B0 /* Pods-events.release.xcconfig */;
			buildSettings = {
				ASSETCATALOG_COMPILER_APPICON_NAME = AppIcon;
				DEVELOPMENT_TEAM = TM66RGVAQ6;
				FRAMEWORK_SEARCH_PATHS = (
					"$(inherited)",
					"$(PROJECT_DIR)",
				);
				INFOPLIST_FILE = events/Info.plist;
				ONLY_ACTIVE_ARCH = YES;
				PRODUCT_BUNDLE_IDENTIFIER = com.xiuchen.events;
				PRODUCT_NAME = "$(TARGET_NAME)";
				SWIFT_OBJC_BRIDGING_HEADER = "events/bash-Bridging-Header.h";
				SWIFT_VERSION = 3.0;
			};
			name = Release;
		};
		4FCB62A41F143DC400BBDC71 /* Debug */ = {
			isa = XCBuildConfiguration;
			baseConfigurationReference = FEA4B11847762B926FC002F5 /* Pods-eventsTests.debug.xcconfig */;
			buildSettings = {
				ALWAYS_EMBED_SWIFT_STANDARD_LIBRARIES = YES;
				BUNDLE_LOADER = "$(TEST_HOST)";
				INFOPLIST_FILE = eventsTests/Info.plist;
				LD_RUNPATH_SEARCH_PATHS = "$(inherited) @executable_path/Frameworks @loader_path/Frameworks";
				PRODUCT_BUNDLE_IDENTIFIER = "com.fbu-rsx.eventsTests";
				PRODUCT_NAME = "$(TARGET_NAME)";
				SWIFT_VERSION = 3.0;
				TEST_HOST = "$(BUILT_PRODUCTS_DIR)/events.app/events";
			};
			name = Debug;
		};
		4FCB62A51F143DC400BBDC71 /* Release */ = {
			isa = XCBuildConfiguration;
			baseConfigurationReference = CB8C73451CEFA2E4231A3210 /* Pods-eventsTests.release.xcconfig */;
			buildSettings = {
				ALWAYS_EMBED_SWIFT_STANDARD_LIBRARIES = YES;
				BUNDLE_LOADER = "$(TEST_HOST)";
				INFOPLIST_FILE = eventsTests/Info.plist;
				LD_RUNPATH_SEARCH_PATHS = "$(inherited) @executable_path/Frameworks @loader_path/Frameworks";
				PRODUCT_BUNDLE_IDENTIFIER = "com.fbu-rsx.eventsTests";
				PRODUCT_NAME = "$(TARGET_NAME)";
				SWIFT_VERSION = 3.0;
				TEST_HOST = "$(BUILT_PRODUCTS_DIR)/events.app/events";
			};
			name = Release;
		};
		4FCB62A71F143DC400BBDC71 /* Debug */ = {
			isa = XCBuildConfiguration;
			baseConfigurationReference = 1E325F93B30E087012B5B727 /* Pods-eventsUITests.debug.xcconfig */;
			buildSettings = {
				ALWAYS_EMBED_SWIFT_STANDARD_LIBRARIES = YES;
				INFOPLIST_FILE = eventsUITests/Info.plist;
				LD_RUNPATH_SEARCH_PATHS = "$(inherited) @executable_path/Frameworks @loader_path/Frameworks";
				PRODUCT_BUNDLE_IDENTIFIER = "com.fbu-rsx.eventsUITests";
				PRODUCT_NAME = "$(TARGET_NAME)";
				SWIFT_VERSION = 3.0;
				TEST_TARGET_NAME = events;
			};
			name = Debug;
		};
		4FCB62A81F143DC400BBDC71 /* Release */ = {
			isa = XCBuildConfiguration;
			baseConfigurationReference = D839BB9FCBAC05432CA20385 /* Pods-eventsUITests.release.xcconfig */;
			buildSettings = {
				ALWAYS_EMBED_SWIFT_STANDARD_LIBRARIES = YES;
				INFOPLIST_FILE = eventsUITests/Info.plist;
				LD_RUNPATH_SEARCH_PATHS = "$(inherited) @executable_path/Frameworks @loader_path/Frameworks";
				PRODUCT_BUNDLE_IDENTIFIER = "com.fbu-rsx.eventsUITests";
				PRODUCT_NAME = "$(TARGET_NAME)";
				SWIFT_VERSION = 3.0;
				TEST_TARGET_NAME = events;
			};
			name = Release;
		};
/* End XCBuildConfiguration section */

/* Begin XCConfigurationList section */
		4FCB62731F143DC400BBDC71 /* Build configuration list for PBXProject "events" */ = {
			isa = XCConfigurationList;
			buildConfigurations = (
				4FCB629E1F143DC400BBDC71 /* Debug */,
				4FCB629F1F143DC400BBDC71 /* Release */,
			);
			defaultConfigurationIsVisible = 0;
			defaultConfigurationName = Release;
		};
		4FCB62A01F143DC400BBDC71 /* Build configuration list for PBXNativeTarget "events" */ = {
			isa = XCConfigurationList;
			buildConfigurations = (
				4FCB62A11F143DC400BBDC71 /* Debug */,
				4FCB62A21F143DC400BBDC71 /* Release */,
			);
			defaultConfigurationIsVisible = 0;
			defaultConfigurationName = Release;
		};
		4FCB62A31F143DC400BBDC71 /* Build configuration list for PBXNativeTarget "eventsTests" */ = {
			isa = XCConfigurationList;
			buildConfigurations = (
				4FCB62A41F143DC400BBDC71 /* Debug */,
				4FCB62A51F143DC400BBDC71 /* Release */,
			);
			defaultConfigurationIsVisible = 0;
			defaultConfigurationName = Release;
		};
		4FCB62A61F143DC400BBDC71 /* Build configuration list for PBXNativeTarget "eventsUITests" */ = {
			isa = XCConfigurationList;
			buildConfigurations = (
				4FCB62A71F143DC400BBDC71 /* Debug */,
				4FCB62A81F143DC400BBDC71 /* Release */,
			);
			defaultConfigurationIsVisible = 0;
			defaultConfigurationName = Release;
		};
/* End XCConfigurationList section */
	};
	rootObject = 4FCB62701F143DC400BBDC71 /* Project object */;
}
